// !$*UTF8*$!
{
	archiveVersion = 1;
	classes = {
	};
	objectVersion = 50;
	objects = {

/* Begin PBXBuildFile section */
		8372244F25547856003A7058 /* AppDelegate.swift in Sources */ = {isa = PBXBuildFile; fileRef = 8372244E25547856003A7058 /* AppDelegate.swift */; };
		8372245125547856003A7058 /* SceneDelegate.swift in Sources */ = {isa = PBXBuildFile; fileRef = 8372245025547856003A7058 /* SceneDelegate.swift */; };
		8372245325547856003A7058 /* ViewController.swift in Sources */ = {isa = PBXBuildFile; fileRef = 8372245225547856003A7058 /* ViewController.swift */; };
		8372245625547856003A7058 /* Main.storyboard in Resources */ = {isa = PBXBuildFile; fileRef = 8372245425547856003A7058 /* Main.storyboard */; };
		8372245925547856003A7058 /* ArtbookProject.xcdatamodeld in Sources */ = {isa = PBXBuildFile; fileRef = 8372245725547856003A7058 /* ArtbookProject.xcdatamodeld */; };
		8372245B2554785A003A7058 /* Assets.xcassets in Resources */ = {isa = PBXBuildFile; fileRef = 8372245A2554785A003A7058 /* Assets.xcassets */; };
		8372245E2554785A003A7058 /* LaunchScreen.storyboard in Resources */ = {isa = PBXBuildFile; fileRef = 8372245C2554785A003A7058 /* LaunchScreen.storyboard */; };
		837224692554785A003A7058 /* ArtbookProjectTests.swift in Sources */ = {isa = PBXBuildFile; fileRef = 837224682554785A003A7058 /* ArtbookProjectTests.swift */; };
		837224742554785A003A7058 /* ArtbookProjectUITests.swift in Sources */ = {isa = PBXBuildFile; fileRef = 837224732554785A003A7058 /* ArtbookProjectUITests.swift */; };
		8372248525547B16003A7058 /* DetailsVC.swift in Sources */ = {isa = PBXBuildFile; fileRef = 8372248425547B16003A7058 /* DetailsVC.swift */; };
		8372249025548EEC003A7058 /* select.png in Resources */ = {isa = PBXBuildFile; fileRef = 8372248F25548EEB003A7058 /* select.png */; };
/* End PBXBuildFile section */

/* Begin PBXContainerItemProxy section */
		837224652554785A003A7058 /* PBXContainerItemProxy */ = {
			isa = PBXContainerItemProxy;
			containerPortal = 8372244325547856003A7058 /* Project object */;
			proxyType = 1;
			remoteGlobalIDString = 8372244A25547856003A7058;
			remoteInfo = ArtbookProject;
		};
		837224702554785A003A7058 /* PBXContainerItemProxy */ = {
			isa = PBXContainerItemProxy;
			containerPortal = 8372244325547856003A7058 /* Project object */;
			proxyType = 1;
			remoteGlobalIDString = 8372244A25547856003A7058;
			remoteInfo = ArtbookProject;
		};
/* End PBXContainerItemProxy section */

/* Begin PBXFileReference section */
		8372244B25547856003A7058 /* ArtbookProject.app */ = {isa = PBXFileReference; explicitFileType = wrapper.application; includeInIndex = 0; path = ArtbookProject.app; sourceTree = BUILT_PRODUCTS_DIR; };
		8372244E25547856003A7058 /* AppDelegate.swift */ = {isa = PBXFileReference; lastKnownFileType = sourcecode.swift; path = AppDelegate.swift; sourceTree = "<group>"; };
		8372245025547856003A7058 /* SceneDelegate.swift */ = {isa = PBXFileReference; lastKnownFileType = sourcecode.swift; path = SceneDelegate.swift; sourceTree = "<group>"; };
		8372245225547856003A7058 /* ViewController.swift */ = {isa = PBXFileReference; lastKnownFileType = sourcecode.swift; path = ViewController.swift; sourceTree = "<group>"; };
		8372245525547856003A7058 /* Base */ = {isa = PBXFileReference; lastKnownFileType = file.storyboard; name = Base; path = Base.lproj/Main.storyboard; sourceTree = "<group>"; };
		8372245825547856003A7058 /* ArtbookProject.xcdatamodel */ = {isa = PBXFileReference; lastKnownFileType = wrapper.xcdatamodel; path = ArtbookProject.xcdatamodel; sourceTree = "<group>"; };
		8372245A2554785A003A7058 /* Assets.xcassets */ = {isa = PBXFileReference; lastKnownFileType = folder.assetcatalog; path = Assets.xcassets; sourceTree = "<group>"; };
		8372245D2554785A003A7058 /* Base */ = {isa = PBXFileReference; lastKnownFileType = file.storyboard; name = Base; path = Base.lproj/LaunchScreen.storyboard; sourceTree = "<group>"; };
		8372245F2554785A003A7058 /* Info.plist */ = {isa = PBXFileReference; lastKnownFileType = text.plist.xml; path = Info.plist; sourceTree = "<group>"; };
		837224642554785A003A7058 /* ArtbookProjectTests.xctest */ = {isa = PBXFileReference; explicitFileType = wrapper.cfbundle; includeInIndex = 0; path = ArtbookProjectTests.xctest; sourceTree = BUILT_PRODUCTS_DIR; };
		837224682554785A003A7058 /* ArtbookProjectTests.swift */ = {isa = PBXFileReference; lastKnownFileType = sourcecode.swift; path = ArtbookProjectTests.swift; sourceTree = "<group>"; };
		8372246A2554785A003A7058 /* Info.plist */ = {isa = PBXFileReference; lastKnownFileType = text.plist.xml; path = Info.plist; sourceTree = "<group>"; };
		8372246F2554785A003A7058 /* ArtbookProjectUITests.xctest */ = {isa = PBXFileReference; explicitFileType = wrapper.cfbundle; includeInIndex = 0; path = ArtbookProjectUITests.xctest; sourceTree = BUILT_PRODUCTS_DIR; };
		837224732554785A003A7058 /* ArtbookProjectUITests.swift */ = {isa = PBXFileReference; lastKnownFileType = sourcecode.swift; path = ArtbookProjectUITests.swift; sourceTree = "<group>"; };
		837224752554785B003A7058 /* Info.plist */ = {isa = PBXFileReference; lastKnownFileType = text.plist.xml; path = Info.plist; sourceTree = "<group>"; };
		8372248425547B16003A7058 /* DetailsVC.swift */ = {isa = PBXFileReference; lastKnownFileType = sourcecode.swift; path = DetailsVC.swift; sourceTree = "<group>"; };
		8372248F25548EEB003A7058 /* select.png */ = {isa = PBXFileReference; lastKnownFileType = image.png; name = select.png; path = ../../../../../Downloads/select.png; sourceTree = "<group>"; };
/* End PBXFileReference section */

/* Begin PBXFrameworksBuildPhase section */
		8372244825547856003A7058 /* Frameworks */ = {
			isa = PBXFrameworksBuildPhase;
			buildActionMask = 2147483647;
			files = (
			);
			runOnlyForDeploymentPostprocessing = 0;
		};
		837224612554785A003A7058 /* Frameworks */ = {
			isa = PBXFrameworksBuildPhase;
			buildActionMask = 2147483647;
			files = (
			);
			runOnlyForDeploymentPostprocessing = 0;
		};
		8372246C2554785A003A7058 /* Frameworks */ = {
			isa = PBXFrameworksBuildPhase;
			buildActionMask = 2147483647;
			files = (
			);
			runOnlyForDeploymentPostprocessing = 0;
		};
/* End PBXFrameworksBuildPhase section */

/* Begin PBXGroup section */
		8372244225547856003A7058 = {
			isa = PBXGroup;
			children = (
				8372244D25547856003A7058 /* ArtbookProject */,
				837224672554785A003A7058 /* ArtbookProjectTests */,
				837224722554785A003A7058 /* ArtbookProjectUITests */,
				8372244C25547856003A7058 /* Products */,
			);
			sourceTree = "<group>";
		};
		8372244C25547856003A7058 /* Products */ = {
			isa = PBXGroup;
			children = (
				8372244B25547856003A7058 /* ArtbookProject.app */,
				837224642554785A003A7058 /* ArtbookProjectTests.xctest */,
				8372246F2554785A003A7058 /* ArtbookProjectUITests.xctest */,
			);
			name = Products;
			sourceTree = "<group>";
		};
		8372244D25547856003A7058 /* ArtbookProject */ = {
			isa = PBXGroup;
			children = (
				8372248F25548EEB003A7058 /* select.png */,
				8372244E25547856003A7058 /* AppDelegate.swift */,
				8372245025547856003A7058 /* SceneDelegate.swift */,
				8372245225547856003A7058 /* ViewController.swift */,
				8372248425547B16003A7058 /* DetailsVC.swift */,
				8372245425547856003A7058 /* Main.storyboard */,
				8372245A2554785A003A7058 /* Assets.xcassets */,
				8372245C2554785A003A7058 /* LaunchScreen.storyboard */,
				8372245F2554785A003A7058 /* Info.plist */,
				8372245725547856003A7058 /* ArtbookProject.xcdatamodeld */,
			);
			path = ArtbookProject;
			sourceTree = "<group>";
		};
		837224672554785A003A7058 /* ArtbookProjectTests */ = {
			isa = PBXGroup;
			children = (
				837224682554785A003A7058 /* ArtbookProjectTests.swift */,
				8372246A2554785A003A7058 /* Info.plist */,
			);
			path = ArtbookProjectTests;
			sourceTree = "<group>";
		};
		837224722554785A003A7058 /* ArtbookProjectUITests */ = {
			isa = PBXGroup;
			children = (
				837224732554785A003A7058 /* ArtbookProjectUITests.swift */,
				837224752554785B003A7058 /* Info.plist */,
			);
			path = ArtbookProjectUITests;
			sourceTree = "<group>";
		};
/* End PBXGroup section */

/* Begin PBXNativeTarget section */
		8372244A25547856003A7058 /* ArtbookProject */ = {
			isa = PBXNativeTarget;
			buildConfigurationList = 837224782554785B003A7058 /* Build configuration list for PBXNativeTarget "ArtbookProject" */;
			buildPhases = (
				8372244725547856003A7058 /* Sources */,
				8372244825547856003A7058 /* Frameworks */,
				8372244925547856003A7058 /* Resources */,
			);
			buildRules = (
			);
			dependencies = (
			);
			name = ArtbookProject;
			productName = ArtbookProject;
			productReference = 8372244B25547856003A7058 /* ArtbookProject.app */;
			productType = "com.apple.product-type.application";
		};
		837224632554785A003A7058 /* ArtbookProjectTests */ = {
			isa = PBXNativeTarget;
			buildConfigurationList = 8372247B2554785B003A7058 /* Build configuration list for PBXNativeTarget "ArtbookProjectTests" */;
			buildPhases = (
				837224602554785A003A7058 /* Sources */,
				837224612554785A003A7058 /* Frameworks */,
				837224622554785A003A7058 /* Resources */,
			);
			buildRules = (
			);
			dependencies = (
				837224662554785A003A7058 /* PBXTargetDependency */,
			);
			name = ArtbookProjectTests;
			productName = ArtbookProjectTests;
			productReference = 837224642554785A003A7058 /* ArtbookProjectTests.xctest */;
			productType = "com.apple.product-type.bundle.unit-test";
		};
		8372246E2554785A003A7058 /* ArtbookProjectUITests */ = {
			isa = PBXNativeTarget;
			buildConfigurationList = 8372247E2554785B003A7058 /* Build configuration list for PBXNativeTarget "ArtbookProjectUITests" */;
			buildPhases = (
				8372246B2554785A003A7058 /* Sources */,
				8372246C2554785A003A7058 /* Frameworks */,
				8372246D2554785A003A7058 /* Resources */,
			);
			buildRules = (
			);
			dependencies = (
				837224712554785A003A7058 /* PBXTargetDependency */,
			);
			name = ArtbookProjectUITests;
			productName = ArtbookProjectUITests;
			productReference = 8372246F2554785A003A7058 /* ArtbookProjectUITests.xctest */;
			productType = "com.apple.product-type.bundle.ui-testing";
		};
/* End PBXNativeTarget section */

/* Begin PBXProject section */
		8372244325547856003A7058 /* Project object */ = {
			isa = PBXProject;
			attributes = {
				LastSwiftUpdateCheck = 1210;
				LastUpgradeCheck = 1210;
				TargetAttributes = {
					8372244A25547856003A7058 = {
						CreatedOnToolsVersion = 12.1;
					};
					837224632554785A003A7058 = {
						CreatedOnToolsVersion = 12.1;
						TestTargetID = 8372244A25547856003A7058;
					};
					8372246E2554785A003A7058 = {
						CreatedOnToolsVersion = 12.1;
						TestTargetID = 8372244A25547856003A7058;
					};
				};
			};
			buildConfigurationList = 8372244625547856003A7058 /* Build configuration list for PBXProject "ArtbookProject" */;
			compatibilityVersion = "Xcode 9.3";
			developmentRegion = en;
			hasScannedForEncodings = 0;
			knownRegions = (
				en,
				Base,
			);
			mainGroup = 8372244225547856003A7058;
			productRefGroup = 8372244C25547856003A7058 /* Products */;
			projectDirPath = "";
			projectRoot = "";
			targets = (
				8372244A25547856003A7058 /* ArtbookProject */,
				837224632554785A003A7058 /* ArtbookProjectTests */,
				8372246E2554785A003A7058 /* ArtbookProjectUITests */,
			);
		};
/* End PBXProject section */

/* Begin PBXResourcesBuildPhase section */
		8372244925547856003A7058 /* Resources */ = {
			isa = PBXResourcesBuildPhase;
			buildActionMask = 2147483647;
			files = (
				8372245E2554785A003A7058 /* LaunchScreen.storyboard in Resources */,
				8372249025548EEC003A7058 /* select.png in Resources */,
				8372245B2554785A003A7058 /* Assets.xcassets in Resources */,
				8372245625547856003A7058 /* Main.storyboard in Resources */,
			);
			runOnlyForDeploymentPostprocessing = 0;
		};
		837224622554785A003A7058 /* Resources */ = {
			isa = PBXResourcesBuildPhase;
			buildActionMask = 2147483647;
			files = (
			);
			runOnlyForDeploymentPostprocessing = 0;
		};
		8372246D2554785A003A7058 /* Resources */ = {
			isa = PBXResourcesBuildPhase;
			buildActionMask = 2147483647;
			files = (
			);
			runOnlyForDeploymentPostprocessing = 0;
		};
/* End PBXResourcesBuildPhase section */

/* Begin PBXSourcesBuildPhase section */
		8372244725547856003A7058 /* Sources */ = {
			isa = PBXSourcesBuildPhase;
			buildActionMask = 2147483647;
			files = (
				8372245925547856003A7058 /* ArtbookProject.xcdatamodeld in Sources */,
				8372245325547856003A7058 /* ViewController.swift in Sources */,
				8372244F25547856003A7058 /* AppDelegate.swift in Sources */,
				8372245125547856003A7058 /* SceneDelegate.swift in Sources */,
				8372248525547B16003A7058 /* DetailsVC.swift in Sources */,
			);
			runOnlyForDeploymentPostprocessing = 0;
		};
		837224602554785A003A7058 /* Sources */ = {
			isa = PBXSourcesBuildPhase;
			buildActionMask = 2147483647;
			files = (
				837224692554785A003A7058 /* ArtbookProjectTests.swift in Sources */,
			);
			runOnlyForDeploymentPostprocessing = 0;
		};
		8372246B2554785A003A7058 /* Sources */ = {
			isa = PBXSourcesBuildPhase;
			buildActionMask = 2147483647;
			files = (
				837224742554785A003A7058 /* ArtbookProjectUITests.swift in Sources */,
			);
			runOnlyForDeploymentPostprocessing = 0;
		};
/* End PBXSourcesBuildPhase section */

/* Begin PBXTargetDependency section */
		837224662554785A003A7058 /* PBXTargetDependency */ = {
			isa = PBXTargetDependency;
			target = 8372244A25547856003A7058 /* ArtbookProject */;
			targetProxy = 837224652554785A003A7058 /* PBXContainerItemProxy */;
		};
		837224712554785A003A7058 /* PBXTargetDependency */ = {
			isa = PBXTargetDependency;
			target = 8372244A25547856003A7058 /* ArtbookProject */;
			targetProxy = 837224702554785A003A7058 /* PBXContainerItemProxy */;
		};
/* End PBXTargetDependency section */

/* Begin PBXVariantGroup section */
		8372245425547856003A7058 /* Main.storyboard */ = {
			isa = PBXVariantGroup;
			children = (
				8372245525547856003A7058 /* Base */,
			);
			name = Main.storyboard;
			sourceTree = "<group>";
		};
		8372245C2554785A003A7058 /* LaunchScreen.storyboard */ = {
			isa = PBXVariantGroup;
			children = (
				8372245D2554785A003A7058 /* Base */,
			);
			name = LaunchScreen.storyboard;
			sourceTree = "<group>";
		};
/* End PBXVariantGroup section */

/* Begin XCBuildConfiguration section */
		837224762554785B003A7058 /* Debug */ = {
			isa = XCBuildConfiguration;
			buildSettings = {
				ALWAYS_SEARCH_USER_PATHS = NO;
				CLANG_ANALYZER_NONNULL = YES;
				CLANG_ANALYZER_NUMBER_OBJECT_CONVERSION = YES_AGGRESSIVE;
				CLANG_CXX_LANGUAGE_STANDARD = "gnu++14";
				CLANG_CXX_LIBRARY = "libc++";
				CLANG_ENABLE_MODULES = YES;
				CLANG_ENABLE_OBJC_ARC = YES;
				CLANG_ENABLE_OBJC_WEAK = YES;
				CLANG_WARN_BLOCK_CAPTURE_AUTORELEASING = YES;
				CLANG_WARN_BOOL_CONVERSION = YES;
				CLANG_WARN_COMMA = YES;
				CLANG_WARN_CONSTANT_CONVERSION = YES;
				CLANG_WARN_DEPRECATED_OBJC_IMPLEMENTATIONS = YES;
				CLANG_WARN_DIRECT_OBJC_ISA_USAGE = YES_ERROR;
				CLANG_WARN_DOCUMENTATION_COMMENTS = YES;
				CLANG_WARN_EMPTY_BODY = YES;
				CLANG_WARN_ENUM_CONVERSION = YES;
				CLANG_WARN_INFINITE_RECURSION = YES;
				CLANG_WARN_INT_CONVERSION = YES;
				CLANG_WARN_NON_LITERAL_NULL_CONVERSION = YES;
				CLANG_WARN_OBJC_IMPLICIT_RETAIN_SELF = YES;
				CLANG_WARN_OBJC_LITERAL_CONVERSION = YES;
				CLANG_WARN_OBJC_ROOT_CLASS = YES_ERROR;
				CLANG_WARN_QUOTED_INCLUDE_IN_FRAMEWORK_HEADER = YES;
				CLANG_WARN_RANGE_LOOP_ANALYSIS = YES;
				CLANG_WARN_STRICT_PROTOTYPES = YES;
				CLANG_WARN_SUSPICIOUS_MOVE = YES;
				CLANG_WARN_UNGUARDED_AVAILABILITY = YES_AGGRESSIVE;
				CLANG_WARN_UNREACHABLE_CODE = YES;
				CLANG_WARN__DUPLICATE_METHOD_MATCH = YES;
				COPY_PHASE_STRIP = NO;
				DEBUG_INFORMATION_FORMAT = dwarf;
				ENABLE_STRICT_OBJC_MSGSEND = YES;
				ENABLE_TESTABILITY = YES;
				GCC_C_LANGUAGE_STANDARD = gnu11;
				GCC_DYNAMIC_NO_PIC = NO;
				GCC_NO_COMMON_BLOCKS = YES;
				GCC_OPTIMIZATION_LEVEL = 0;
				GCC_PREPROCESSOR_DEFINITIONS = (
					"DEBUG=1",
					"$(inherited)",
				);
				GCC_WARN_64_TO_32_BIT_CONVERSION = YES;
				GCC_WARN_ABOUT_RETURN_TYPE = YES_ERROR;
				GCC_WARN_UNDECLARED_SELECTOR = YES;
				GCC_WARN_UNINITIALIZED_AUTOS = YES_AGGRESSIVE;
				GCC_WARN_UNUSED_FUNCTION = YES;
				GCC_WARN_UNUSED_VARIABLE = YES;
				IPHONEOS_DEPLOYMENT_TARGET = 14.1;
				MTL_ENABLE_DEBUG_INFO = INCLUDE_SOURCE;
				MTL_FAST_MATH = YES;
				ONLY_ACTIVE_ARCH = YES;
				SDKROOT = iphoneos;
				SWIFT_ACTIVE_COMPILATION_CONDITIONS = DEBUG;
				SWIFT_OPTIMIZATION_LEVEL = "-Onone";
			};
			name = Debug;
		};
		837224772554785B003A7058 /* Release */ = {
			isa = XCBuildConfiguration;
			buildSettings = {
				ALWAYS_SEARCH_USER_PATHS = NO;
				CLANG_ANALYZER_NONNULL = YES;
				CLANG_ANALYZER_NUMBER_OBJECT_CONVERSION = YES_AGGRESSIVE;
				CLANG_CXX_LANGUAGE_STANDARD = "gnu++14";
				CLANG_CXX_LIBRARY = "libc++";
				CLANG_ENABLE_MODULES = YES;
				CLANG_ENABLE_OBJC_ARC = YES;
				CLANG_ENABLE_OBJC_WEAK = YES;
				CLANG_WARN_BLOCK_CAPTURE_AUTORELEASING = YES;
				CLANG_WARN_BOOL_CONVERSION = YES;
				CLANG_WARN_COMMA = YES;
				CLANG_WARN_CONSTANT_CONVERSION = YES;
				CLANG_WARN_DEPRECATED_OBJC_IMPLEMENTATIONS = YES;
				CLANG_WARN_DIRECT_OBJC_ISA_USAGE = YES_ERROR;
				CLANG_WARN_DOCUMENTATION_COMMENTS = YES;
				CLANG_WARN_EMPTY_BODY = YES;
				CLANG_WARN_ENUM_CONVERSION = YES;
				CLANG_WARN_INFINITE_RECURSION = YES;
				CLANG_WARN_INT_CONVERSION = YES;
				CLANG_WARN_NON_LITERAL_NULL_CONVERSION = YES;
				CLANG_WARN_OBJC_IMPLICIT_RETAIN_SELF = YES;
				CLANG_WARN_OBJC_LITERAL_CONVERSION = YES;
				CLANG_WARN_OBJC_ROOT_CLASS = YES_ERROR;
				CLANG_WARN_QUOTED_INCLUDE_IN_FRAMEWORK_HEADER = YES;
				CLANG_WARN_RANGE_LOOP_ANALYSIS = YES;
				CLANG_WARN_STRICT_PROTOTYPES = YES;
				CLANG_WARN_SUSPICIOUS_MOVE = YES;
				CLANG_WARN_UNGUARDED_AVAILABILITY = YES_AGGRESSIVE;
				CLANG_WARN_UNREACHABLE_CODE = YES;
				CLANG_WARN__DUPLICATE_METHOD_MATCH = YES;
				COPY_PHASE_STRIP = NO;
				DEBUG_INFORMATION_FORMAT = "dwarf-with-dsym";
				ENABLE_NS_ASSERTIONS = NO;
				ENABLE_STRICT_OBJC_MSGSEND = YES;
				GCC_C_LANGUAGE_STANDARD = gnu11;
				GCC_NO_COMMON_BLOCKS = YES;
				GCC_WARN_64_TO_32_BIT_CONVERSION = YES;
				GCC_WARN_ABOUT_RETURN_TYPE = YES_ERROR;
				GCC_WARN_UNDECLARED_SELECTOR = YES;
				GCC_WARN_UNINITIALIZED_AUTOS = YES_AGGRESSIVE;
				GCC_WARN_UNUSED_FUNCTION = YES;
				GCC_WARN_UNUSED_VARIABLE = YES;
				IPHONEOS_DEPLOYMENT_TARGET = 14.1;
				MTL_ENABLE_DEBUG_INFO = NO;
				MTL_FAST_MATH = YES;
				SDKROOT = iphoneos;
				SWIFT_COMPILATION_MODE = wholemodule;
				SWIFT_OPTIMIZATION_LEVEL = "-O";
				VALIDATE_PRODUCT = YES;
			};
			name = Release;
		};
		837224792554785B003A7058 /* Debug */ = {
			isa = XCBuildConfiguration;
			buildSettings = {
				ASSETCATALOG_COMPILER_APPICON_NAME = AppIcon;
				ASSETCATALOG_COMPILER_GLOBAL_ACCENT_COLOR_NAME = AccentColor;
				CODE_SIGN_STYLE = Automatic;
				INFOPLIST_FILE = ArtbookProject/Info.plist;
				LD_RUNPATH_SEARCH_PATHS = (
					"$(inherited)",
					"@executable_path/Frameworks",
				);
				PRODUCT_BUNDLE_IDENTIFIER = com.canseyhan.ArtbookProject;
				PRODUCT_NAME = "$(TARGET_NAME)";
				SWIFT_VERSION = 5.0;
				TARGETED_DEVICE_FAMILY = "1,2";
			};
			name = Debug;
		};
		8372247A2554785B003A7058 /* Release */ = {
			isa = XCBuildConfiguration;
			buildSettings = {
				ASSETCATALOG_COMPILER_APPICON_NAME = AppIcon;
				ASSETCATALOG_COMPILER_GLOBAL_ACCENT_COLOR_NAME = AccentColor;
				CODE_SIGN_STYLE = Automatic;
				INFOPLIST_FILE = ArtbookProject/Info.plist;
				LD_RUNPATH_SEARCH_PATHS = (
					"$(inherited)",
					"@executable_path/Frameworks",
				);
				PRODUCT_BUNDLE_IDENTIFIER = com.canseyhan.ArtbookProject;
				PRODUCT_NAME = "$(TARGET_NAME)";
				SWIFT_VERSION = 5.0;
				TARGETED_DEVICE_FAMILY = "1,2";
			};
			name = Release;
		};
		8372247C2554785B003A7058 /* Debug */ = {
			isa = XCBuildConfiguration;
			buildSettings = {
				ALWAYS_EMBED_SWIFT_STANDARD_LIBRARIES = YES;
				BUNDLE_LOADER = "$(TEST_HOST)";
				CODE_SIGN_STYLE = Automatic;
				INFOPLIST_FILE = ArtbookProjectTests/Info.plist;
				IPHONEOS_DEPLOYMENT_TARGET = 14.1;
				LD_RUNPATH_SEARCH_PATHS = (
					"$(inherited)",
					"@executable_path/Frameworks",
					"@loader_path/Frameworks",
				);
				PRODUCT_BUNDLE_IDENTIFIER = com.canseyhan.ArtbookProjectTests;
				PRODUCT_NAME = "$(TARGET_NAME)";
				SWIFT_VERSION = 5.0;
				TARGETED_DEVICE_FAMILY = "1,2";
				TEST_HOST = "$(BUILT_PRODUCTS_DIR)/ArtbookProject.app/ArtbookProject";
			};
			name = Debug;
		};
		8372247D2554785B003A7058 /* Release */ = {
			isa = XCBuildConfiguration;
			buildSettings = {
				ALWAYS_EMBED_SWIFT_STANDARD_LIBRARIES = YES;
				BUNDLE_LOADER = "$(TEST_HOST)";
				CODE_SIGN_STYLE = Automatic;
				INFOPLIST_FILE = ArtbookProjectTests/Info.plist;
				IPHONEOS_DEPLOYMENT_TARGET = 14.1;
				LD_RUNPATH_SEARCH_PATHS = (
					"$(inherited)",
					"@executable_path/Frameworks",
					"@loader_path/Frameworks",
				);
				PRODUCT_BUNDLE_IDENTIFIER = com.canseyhan.ArtbookProjectTests;
				PRODUCT_NAME = "$(TARGET_NAME)";
				SWIFT_VERSION = 5.0;
				TARGETED_DEVICE_FAMILY = "1,2";
				TEST_HOST = "$(BUILT_PRODUCTS_DIR)/ArtbookProject.app/ArtbookProject";
			};
			name = Release;
		};
		8372247F2554785B003A7058 /* Debug */ = {
			isa = XCBuildConfiguration;
			buildSettings = {
				ALWAYS_EMBED_SWIFT_STANDARD_LIBRARIES = YES;
				CODE_SIGN_STYLE = Automatic;
				INFOPLIST_FILE = ArtbookProjectUITests/Info.plist;
				LD_RUNPATH_SEARCH_PATHS = (
					"$(inherited)",
					"@executable_path/Frameworks",
					"@loader_path/Frameworks",
				);
				PRODUCT_BUNDLE_IDENTIFIER = com.canseyhan.ArtbookProjectUITests;
				PRODUCT_NAME = "$(TARGET_NAME)";
				SWIFT_VERSION = 5.0;
				TARGETED_DEVICE_FAMILY = "1,2";
				TEST_TARGET_NAME = ArtbookProject;
			};
			name = Debug;
		};
		837224802554785B003A7058 /* Release */ = {
			isa = XCBuildConfiguration;
			buildSettings = {
				ALWAYS_EMBED_SWIFT_STANDARD_LIBRARIES = YES;
				CODE_SIGN_STYLE = Automatic;
				INFOPLIST_FILE = ArtbookProjectUITests/Info.plist;
				LD_RUNPATH_SEARCH_PATHS = (
					"$(inherited)",
					"@executable_path/Frameworks",
					"@loader_path/Frameworks",
				);
				PRODUCT_BUNDLE_IDENTIFIER = com.canseyhan.ArtbookProjectUITests;
				PRODUCT_NAME = "$(TARGET_NAME)";
				SWIFT_VERSION = 5.0;
				TARGETED_DEVICE_FAMILY = "1,2";
				TEST_TARGET_NAME = ArtbookProject;
			};
			name = Release;
		};
/* End XCBuildConfiguration section */

/* Begin XCConfigurationList section */
		8372244625547856003A7058 /* Build configuration list for PBXProject "ArtbookProject" */ = {
			isa = XCConfigurationList;
			buildConfigurations = (
				837224762554785B003A7058 /* Debug */,
				837224772554785B003A7058 /* Release */,
			);
			defaultConfigurationIsVisible = 0;
			defaultConfigurationName = Release;
		};
		837224782554785B003A7058 /* Build configuration list for PBXNativeTarget "ArtbookProject" */ = {
			isa = XCConfigurationList;
			buildConfigurations = (
				837224792554785B003A7058 /* Debug */,
				8372247A2554785B003A7058 /* Release */,
			);
			defaultConfigurationIsVisible = 0;
			defaultConfigurationName = Release;
		};
		8372247B2554785B003A7058 /* Build configuration list for PBXNativeTarget "ArtbookProjectTests" */ = {
			isa = XCConfigurationList;
			buildConfigurations = (
				8372247C2554785B003A7058 /* Debug */,
				8372247D2554785B003A7058 /* Release */,
			);
			defaultConfigurationIsVisible = 0;
			defaultConfigurationName = Release;
		};
		8372247E2554785B003A7058 /* Build configuration list for PBXNativeTarget "ArtbookProjectUITests" */ = {
			isa = XCConfigurationList;
			buildConfigurations = (
				8372247F2554785B003A7058 /* Debug */,
				837224802554785B003A7058 /* Release */,
			);
			defaultConfigurationIsVisible = 0;
			defaultConfigurationName = Release;
		};
/* End XCConfigurationList section */

/* Begin XCVersionGroup section */
		8372245725547856003A7058 /* ArtbookProject.xcdatamodeld */ = {
			isa = XCVersionGroup;
			children = (
				8372245825547856003A7058 /* ArtbookProject.xcdatamodel */,
			);
			currentVersion = 8372245825547856003A7058 /* ArtbookProject.xcdatamodel */;
			path = ArtbookProject.xcdatamodeld;
			sourceTree = "<group>";
			versionGroupType = wrapper.xcdatamodel;
		};
/* End XCVersionGroup section */
	};
	rootObject = 8372244325547856003A7058 /* Project object */;
}
